// !$*UTF8*$!
{
	archiveVersion = 1;
	classes = {
	};
	objectVersion = 50;
	objects = {

/* Begin PBXBuildFile section */
		3EA862FD261D9F1A00C43F66 /* PostTableViewCell.xib in Resources */ = {isa = PBXBuildFile; fileRef = 3EA862F7261D9F1A00C43F66 /* PostTableViewCell.xib */; };
		3EA862FE261D9F1A00C43F66 /* GuideCollectionViewCell.xib in Resources */ = {isa = PBXBuildFile; fileRef = 3EA862F8261D9F1A00C43F66 /* GuideCollectionViewCell.xib */; };
		3EA86300261D9F1A00C43F66 /* FeedViewController.swift in Sources */ = {isa = PBXBuildFile; fileRef = 3EA862FA261D9F1A00C43F66 /* FeedViewController.swift */; };
		3EA86301261D9F1A00C43F66 /* GuideCollectionViewCell.swift in Sources */ = {isa = PBXBuildFile; fileRef = 3EA862FB261D9F1A00C43F66 /* GuideCollectionViewCell.swift */; };
		3EA86302261D9F1A00C43F66 /* PostTableViewCell.swift in Sources */ = {isa = PBXBuildFile; fileRef = 3EA862FC261D9F1A00C43F66 /* PostTableViewCell.swift */; };
		3EA8631B261DC48500C43F66 /* CollectionTableViewCell.swift in Sources */ = {isa = PBXBuildFile; fileRef = 3EA86319261DC48500C43F66 /* CollectionTableViewCell.swift */; };
		3EA8631C261DC48500C43F66 /* CollectionTableViewCell.xib in Resources */ = {isa = PBXBuildFile; fileRef = 3EA8631A261DC48500C43F66 /* CollectionTableViewCell.xib */; };
		71721947261EB69C00A080E8 /* ProfileGuideViewController.swift in Sources */ = {isa = PBXBuildFile; fileRef = 71721946261EB69C00A080E8 /* ProfileGuideViewController.swift */; };
		71744E5B2629201D00C81998 /* kena-mental.mp3 in Resources */ = {isa = PBXBuildFile; fileRef = 71744E5A2629201D00C81998 /* kena-mental.mp3 */; };
		92117A28261C1F43002AE4AC /* ProfileViewController.swift in Sources */ = {isa = PBXBuildFile; fileRef = 92117A27261C1F43002AE4AC /* ProfileViewController.swift */; };
		922A70A9262210670073612D /* SongWidget.swift in Sources */ = {isa = PBXBuildFile; fileRef = 922A70A8262210670073612D /* SongWidget.swift */; };
		9260287826217F1100CE4956 /* SongWidget.xib in Resources */ = {isa = PBXBuildFile; fileRef = 9260287726217F1100CE4956 /* SongWidget.xib */; };
		9271220A261FCAF700C05819 /* ProfileWorkspaceViewController.swift in Sources */ = {isa = PBXBuildFile; fileRef = 92712209261FCAF700C05819 /* ProfileWorkspaceViewController.swift */; };
		92712211261FCC4E00C05819 /* AVFoundation.framework in Frameworks */ = {isa = PBXBuildFile; fileRef = 9271220F261FCC4100C05819 /* AVFoundation.framework */; };
		9273ECB4261ABA260041D50D /* AppDelegate.swift in Sources */ = {isa = PBXBuildFile; fileRef = 9273ECB3261ABA260041D50D /* AppDelegate.swift */; };
		9273ECB6261ABA260041D50D /* SceneDelegate.swift in Sources */ = {isa = PBXBuildFile; fileRef = 9273ECB5261ABA260041D50D /* SceneDelegate.swift */; };
		9273ECB8261ABA260041D50D /* ViewController.swift in Sources */ = {isa = PBXBuildFile; fileRef = 9273ECB7261ABA260041D50D /* ViewController.swift */; };
		9273ECBB261ABA260041D50D /* Main.storyboard in Resources */ = {isa = PBXBuildFile; fileRef = 9273ECB9261ABA260041D50D /* Main.storyboard */; };
		9273ECBD261ABA270041D50D /* Assets.xcassets in Resources */ = {isa = PBXBuildFile; fileRef = 9273ECBC261ABA270041D50D /* Assets.xcassets */; };
		9273ECC0261ABA270041D50D /* LaunchScreen.storyboard in Resources */ = {isa = PBXBuildFile; fileRef = 9273ECBE261ABA270041D50D /* LaunchScreen.storyboard */; };
		9273ECCB261ABA270041D50D /* bridge_protoTests.swift in Sources */ = {isa = PBXBuildFile; fileRef = 9273ECCA261ABA270041D50D /* bridge_protoTests.swift */; };
		9273ECD6261ABA270041D50D /* bridge_protoUITests.swift in Sources */ = {isa = PBXBuildFile; fileRef = 9273ECD5261ABA270041D50D /* bridge_protoUITests.swift */; };
		927921B32624041200455CC4 /* ProfilePostViewController.swift in Sources */ = {isa = PBXBuildFile; fileRef = 927921B22624041200455CC4 /* ProfilePostViewController.swift */; };
		927921C62624053D00455CC4 /* ProfileViewController.swift in Resources */ = {isa = PBXBuildFile; fileRef = 92117A27261C1F43002AE4AC /* ProfileViewController.swift */; };
		927921D42624061100455CC4 /* ProfilePostTableViewCell.xib in Resources */ = {isa = PBXBuildFile; fileRef = 927921CF2624061100455CC4 /* ProfilePostTableViewCell.xib */; };
		927921D52624061100455CC4 /* CommentTableViewCell.swift in Sources */ = {isa = PBXBuildFile; fileRef = 927921D02624061100455CC4 /* CommentTableViewCell.swift */; };
		927921D62624061100455CC4 /* ViewControllerPostDetail.swift in Sources */ = {isa = PBXBuildFile; fileRef = 927921D12624061100455CC4 /* ViewControllerPostDetail.swift */; };
		927921D72624061100455CC4 /* CommentTableViewCell.xib in Resources */ = {isa = PBXBuildFile; fileRef = 927921D22624061100455CC4 /* CommentTableViewCell.xib */; };
		927921D82624061100455CC4 /* ProfilePostTableViewCell.swift in Sources */ = {isa = PBXBuildFile; fileRef = 927921D32624061100455CC4 /* ProfilePostTableViewCell.swift */; };
		B348B3092626057B007C57F4 /* untitled.mp3 in Resources */ = {isa = PBXBuildFile; fileRef = B348B3082626057B007C57F4 /* untitled.mp3 */; };
		B3D64F8D262542BB00B3D167 /* UserDummy.swift in Sources */ = {isa = PBXBuildFile; fileRef = B3D64F8C262542BB00B3D167 /* UserDummy.swift */; };
/* End PBXBuildFile section */

/* Begin PBXContainerItemProxy section */
		9273ECC7261ABA270041D50D /* PBXContainerItemProxy */ = {
			isa = PBXContainerItemProxy;
			containerPortal = 9273ECA8261ABA260041D50D /* Project object */;
			proxyType = 1;
			remoteGlobalIDString = 9273ECAF261ABA260041D50D;
			remoteInfo = bridge_proto;
		};
		9273ECD2261ABA270041D50D /* PBXContainerItemProxy */ = {
			isa = PBXContainerItemProxy;
			containerPortal = 9273ECA8261ABA260041D50D /* Project object */;
			proxyType = 1;
			remoteGlobalIDString = 9273ECAF261ABA260041D50D;
			remoteInfo = bridge_proto;
		};
/* End PBXContainerItemProxy section */

/* Begin PBXFileReference section */
		3D42E6D02620085100A322D9 /* ViewControllerPostDetail.swift */ = {isa = PBXFileReference; lastKnownFileType = sourcecode.swift; path = ViewControllerPostDetail.swift; sourceTree = "<group>"; };
		3D42E6D82620089100A322D9 /* ProfilePostTableViewCell.swift */ = {isa = PBXFileReference; lastKnownFileType = sourcecode.swift; path = ProfilePostTableViewCell.swift; sourceTree = "<group>"; };
		3D42E6D92620089100A322D9 /* ProfilePostTableViewCell.xib */ = {isa = PBXFileReference; lastKnownFileType = file.xib; path = ProfilePostTableViewCell.xib; sourceTree = "<group>"; };
		3D42E6DF2620091700A322D9 /* CommentTableViewCell.swift */ = {isa = PBXFileReference; lastKnownFileType = sourcecode.swift; path = CommentTableViewCell.swift; sourceTree = "<group>"; };
		3D42E6E02620091700A322D9 /* CommentTableViewCell.xib */ = {isa = PBXFileReference; lastKnownFileType = file.xib; path = CommentTableViewCell.xib; sourceTree = "<group>"; };
		3EA862F7261D9F1A00C43F66 /* PostTableViewCell.xib */ = {isa = PBXFileReference; fileEncoding = 4; lastKnownFileType = file.xib; path = PostTableViewCell.xib; sourceTree = "<group>"; };
		3EA862F8261D9F1A00C43F66 /* GuideCollectionViewCell.xib */ = {isa = PBXFileReference; fileEncoding = 4; lastKnownFileType = file.xib; path = GuideCollectionViewCell.xib; sourceTree = "<group>"; };
		3EA862FA261D9F1A00C43F66 /* FeedViewController.swift */ = {isa = PBXFileReference; fileEncoding = 4; lastKnownFileType = sourcecode.swift; path = FeedViewController.swift; sourceTree = "<group>"; };
		3EA862FB261D9F1A00C43F66 /* GuideCollectionViewCell.swift */ = {isa = PBXFileReference; fileEncoding = 4; lastKnownFileType = sourcecode.swift; path = GuideCollectionViewCell.swift; sourceTree = "<group>"; };
		3EA862FC261D9F1A00C43F66 /* PostTableViewCell.swift */ = {isa = PBXFileReference; fileEncoding = 4; lastKnownFileType = sourcecode.swift; path = PostTableViewCell.swift; sourceTree = "<group>"; };
		3EA86319261DC48500C43F66 /* CollectionTableViewCell.swift */ = {isa = PBXFileReference; lastKnownFileType = sourcecode.swift; path = CollectionTableViewCell.swift; sourceTree = "<group>"; };
		3EA8631A261DC48500C43F66 /* CollectionTableViewCell.xib */ = {isa = PBXFileReference; lastKnownFileType = file.xib; path = CollectionTableViewCell.xib; sourceTree = "<group>"; };
		71721946261EB69C00A080E8 /* ProfileGuideViewController.swift */ = {isa = PBXFileReference; lastKnownFileType = sourcecode.swift; path = ProfileGuideViewController.swift; sourceTree = "<group>"; };
		71744E5A2629201D00C81998 /* kena-mental.mp3 */ = {isa = PBXFileReference; lastKnownFileType = audio.mp3; path = "kena-mental.mp3"; sourceTree = "<group>"; };
		92117A27261C1F43002AE4AC /* ProfileViewController.swift */ = {isa = PBXFileReference; lastKnownFileType = sourcecode.swift; path = ProfileViewController.swift; sourceTree = "<group>"; };
		922A70A8262210670073612D /* SongWidget.swift */ = {isa = PBXFileReference; lastKnownFileType = sourcecode.swift; path = SongWidget.swift; sourceTree = "<group>"; };
		9260287726217F1100CE4956 /* SongWidget.xib */ = {isa = PBXFileReference; lastKnownFileType = file.xib; path = SongWidget.xib; sourceTree = "<group>"; };
		92712209261FCAF700C05819 /* ProfileWorkspaceViewController.swift */ = {isa = PBXFileReference; lastKnownFileType = sourcecode.swift; path = ProfileWorkspaceViewController.swift; sourceTree = "<group>"; };
		9271220F261FCC4100C05819 /* AVFoundation.framework */ = {isa = PBXFileReference; lastKnownFileType = wrapper.framework; name = AVFoundation.framework; path = System/Library/Frameworks/AVFoundation.framework; sourceTree = SDKROOT; };
		9273ECB0261ABA260041D50D /* bridge_proto.app */ = {isa = PBXFileReference; explicitFileType = wrapper.application; includeInIndex = 0; path = bridge_proto.app; sourceTree = BUILT_PRODUCTS_DIR; };
		9273ECB3261ABA260041D50D /* AppDelegate.swift */ = {isa = PBXFileReference; lastKnownFileType = sourcecode.swift; path = AppDelegate.swift; sourceTree = "<group>"; };
		9273ECB5261ABA260041D50D /* SceneDelegate.swift */ = {isa = PBXFileReference; lastKnownFileType = sourcecode.swift; path = SceneDelegate.swift; sourceTree = "<group>"; };
		9273ECB7261ABA260041D50D /* ViewController.swift */ = {isa = PBXFileReference; lastKnownFileType = sourcecode.swift; path = ViewController.swift; sourceTree = "<group>"; };
		9273ECBA261ABA260041D50D /* Base */ = {isa = PBXFileReference; lastKnownFileType = file.storyboard; name = Base; path = Base.lproj/Main.storyboard; sourceTree = "<group>"; };
		9273ECBC261ABA270041D50D /* Assets.xcassets */ = {isa = PBXFileReference; lastKnownFileType = folder.assetcatalog; path = Assets.xcassets; sourceTree = "<group>"; };
		9273ECBF261ABA270041D50D /* Base */ = {isa = PBXFileReference; lastKnownFileType = file.storyboard; name = Base; path = Base.lproj/LaunchScreen.storyboard; sourceTree = "<group>"; };
		9273ECC1261ABA270041D50D /* Info.plist */ = {isa = PBXFileReference; lastKnownFileType = text.plist.xml; path = Info.plist; sourceTree = "<group>"; };
		9273ECC6261ABA270041D50D /* bridge_protoTests.xctest */ = {isa = PBXFileReference; explicitFileType = wrapper.cfbundle; includeInIndex = 0; path = bridge_protoTests.xctest; sourceTree = BUILT_PRODUCTS_DIR; };
		9273ECCA261ABA270041D50D /* bridge_protoTests.swift */ = {isa = PBXFileReference; lastKnownFileType = sourcecode.swift; path = bridge_protoTests.swift; sourceTree = "<group>"; };
		9273ECCC261ABA270041D50D /* Info.plist */ = {isa = PBXFileReference; lastKnownFileType = text.plist.xml; path = Info.plist; sourceTree = "<group>"; };
		9273ECD1261ABA270041D50D /* bridge_protoUITests.xctest */ = {isa = PBXFileReference; explicitFileType = wrapper.cfbundle; includeInIndex = 0; path = bridge_protoUITests.xctest; sourceTree = BUILT_PRODUCTS_DIR; };
		9273ECD5261ABA270041D50D /* bridge_protoUITests.swift */ = {isa = PBXFileReference; lastKnownFileType = sourcecode.swift; path = bridge_protoUITests.swift; sourceTree = "<group>"; };
		9273ECD7261ABA270041D50D /* Info.plist */ = {isa = PBXFileReference; lastKnownFileType = text.plist.xml; path = Info.plist; sourceTree = "<group>"; };
		927921B22624041200455CC4 /* ProfilePostViewController.swift */ = {isa = PBXFileReference; fileEncoding = 4; lastKnownFileType = sourcecode.swift; path = ProfilePostViewController.swift; sourceTree = "<group>"; };
		927921CF2624061100455CC4 /* ProfilePostTableViewCell.xib */ = {isa = PBXFileReference; fileEncoding = 4; lastKnownFileType = file.xib; path = ProfilePostTableViewCell.xib; sourceTree = "<group>"; };
		927921D02624061100455CC4 /* CommentTableViewCell.swift */ = {isa = PBXFileReference; fileEncoding = 4; lastKnownFileType = sourcecode.swift; path = CommentTableViewCell.swift; sourceTree = "<group>"; };
		927921D12624061100455CC4 /* ViewControllerPostDetail.swift */ = {isa = PBXFileReference; fileEncoding = 4; lastKnownFileType = sourcecode.swift; path = ViewControllerPostDetail.swift; sourceTree = "<group>"; };
		927921D22624061100455CC4 /* CommentTableViewCell.xib */ = {isa = PBXFileReference; fileEncoding = 4; lastKnownFileType = file.xib; path = CommentTableViewCell.xib; sourceTree = "<group>"; };
		927921D32624061100455CC4 /* ProfilePostTableViewCell.swift */ = {isa = PBXFileReference; fileEncoding = 4; lastKnownFileType = sourcecode.swift; path = ProfilePostTableViewCell.swift; sourceTree = "<group>"; };
		B348B3082626057B007C57F4 /* untitled.mp3 */ = {isa = PBXFileReference; lastKnownFileType = audio.mp3; path = untitled.mp3; sourceTree = "<group>"; };
		B3BA689326236D8E005042F9 /* ProfilePostViewController.swift */ = {isa = PBXFileReference; lastKnownFileType = sourcecode.swift; path = ProfilePostViewController.swift; sourceTree = "<group>"; };
		B3D64F8C262542BB00B3D167 /* UserDummy.swift */ = {isa = PBXFileReference; lastKnownFileType = sourcecode.swift; path = UserDummy.swift; sourceTree = "<group>"; };
/* End PBXFileReference section */

/* Begin PBXFrameworksBuildPhase section */
		9273ECAD261ABA260041D50D /* Frameworks */ = {
			isa = PBXFrameworksBuildPhase;
			buildActionMask = 2147483647;
			files = (
				92712211261FCC4E00C05819 /* AVFoundation.framework in Frameworks */,
			);
			runOnlyForDeploymentPostprocessing = 0;
		};
		9273ECC3261ABA270041D50D /* Frameworks */ = {
			isa = PBXFrameworksBuildPhase;
			buildActionMask = 2147483647;
			files = (
			);
			runOnlyForDeploymentPostprocessing = 0;
		};
		9273ECCE261ABA270041D50D /* Frameworks */ = {
			isa = PBXFrameworksBuildPhase;
			buildActionMask = 2147483647;
			files = (
			);
			runOnlyForDeploymentPostprocessing = 0;
		};
/* End PBXFrameworksBuildPhase section */

/* Begin PBXGroup section */
		3EA862F3261D9EBF00C43F66 /* ViewController */ = {
			isa = PBXGroup;
			children = (
				9273ECB7261ABA260041D50D /* ViewController.swift */,
				3EA862FA261D9F1A00C43F66 /* FeedViewController.swift */,
				3EA862FB261D9F1A00C43F66 /* GuideCollectionViewCell.swift */,
				3EA862F8261D9F1A00C43F66 /* GuideCollectionViewCell.xib */,
				3EA862FC261D9F1A00C43F66 /* PostTableViewCell.swift */,
				3EA862F7261D9F1A00C43F66 /* PostTableViewCell.xib */,
				3EA86319261DC48500C43F66 /* CollectionTableViewCell.swift */,
				3EA8631A261DC48500C43F66 /* CollectionTableViewCell.xib */,
			);
			path = ViewController;
			sourceTree = "<group>";
		};
		92117A26261C1F19002AE4AC /* profile_page */ = {
			isa = PBXGroup;
			children = (
				927921B22624041200455CC4 /* ProfilePostViewController.swift */,
				92117A27261C1F43002AE4AC /* ProfileViewController.swift */,
				71721946261EB69C00A080E8 /* ProfileGuideViewController.swift */,
				92712209261FCAF700C05819 /* ProfileWorkspaceViewController.swift */,
				9260287726217F1100CE4956 /* SongWidget.xib */,
				922A70A8262210670073612D /* SongWidget.swift */,
			);
			path = profile_page;
			sourceTree = "<group>";
		};
		9271220E261FCC4100C05819 /* Frameworks */ = {
			isa = PBXGroup;
			children = (
				9271220F261FCC4100C05819 /* AVFoundation.framework */,
			);
			name = Frameworks;
			sourceTree = "<group>";
		};
		92712216261FCE7C00C05819 /* Sound */ = {
			isa = PBXGroup;
			children = (
				71744E5A2629201D00C81998 /* kena-mental.mp3 */,
				B348B3082626057B007C57F4 /* untitled.mp3 */,
			);
			path = Sound;
			sourceTree = "<group>";
		};
		9273ECA7261ABA260041D50D = {
			isa = PBXGroup;
			children = (
				9273ECB2261ABA260041D50D /* bridge_proto */,
				9273ECC9261ABA270041D50D /* bridge_protoTests */,
				9273ECD4261ABA270041D50D /* bridge_protoUITests */,
				9273ECB1261ABA260041D50D /* Products */,
				9271220E261FCC4100C05819 /* Frameworks */,
				927921A02624037500455CC4 /* Recovered References */,
			);
			sourceTree = "<group>";
		};
		9273ECB1261ABA260041D50D /* Products */ = {
			isa = PBXGroup;
			children = (
				9273ECB0261ABA260041D50D /* bridge_proto.app */,
				9273ECC6261ABA270041D50D /* bridge_protoTests.xctest */,
				9273ECD1261ABA270041D50D /* bridge_protoUITests.xctest */,
			);
			name = Products;
			sourceTree = "<group>";
		};
		9273ECB2261ABA260041D50D /* bridge_proto */ = {
			isa = PBXGroup;
			children = (
				B3D64F8B2625428800B3D167 /* Model */,
				927921CE2624061100455CC4 /* Post Detail */,
				92712216261FCE7C00C05819 /* Sound */,
				3EA862F3261D9EBF00C43F66 /* ViewController */,
				92117A26261C1F19002AE4AC /* profile_page */,
				9273ECB3261ABA260041D50D /* AppDelegate.swift */,
				9273ECB5261ABA260041D50D /* SceneDelegate.swift */,
				9273ECB9261ABA260041D50D /* Main.storyboard */,
				9273ECBC261ABA270041D50D /* Assets.xcassets */,
				9273ECBE261ABA270041D50D /* LaunchScreen.storyboard */,
				9273ECC1261ABA270041D50D /* Info.plist */,
			);
			path = bridge_proto;
			sourceTree = "<group>";
		};
		9273ECC9261ABA270041D50D /* bridge_protoTests */ = {
			isa = PBXGroup;
			children = (
				9273ECCA261ABA270041D50D /* bridge_protoTests.swift */,
				9273ECCC261ABA270041D50D /* Info.plist */,
			);
			path = bridge_protoTests;
			sourceTree = "<group>";
		};
		9273ECD4261ABA270041D50D /* bridge_protoUITests */ = {
			isa = PBXGroup;
			children = (
				9273ECD5261ABA270041D50D /* bridge_protoUITests.swift */,
				9273ECD7261ABA270041D50D /* Info.plist */,
			);
			path = bridge_protoUITests;
			sourceTree = "<group>";
		};
		927921A02624037500455CC4 /* Recovered References */ = {
			isa = PBXGroup;
			children = (
				3D42E6D02620085100A322D9 /* ViewControllerPostDetail.swift */,
				3D42E6D82620089100A322D9 /* ProfilePostTableViewCell.swift */,
				B3BA689326236D8E005042F9 /* ProfilePostViewController.swift */,
				3D42E6DF2620091700A322D9 /* CommentTableViewCell.swift */,
				3D42E6D92620089100A322D9 /* ProfilePostTableViewCell.xib */,
				3D42E6E02620091700A322D9 /* CommentTableViewCell.xib */,
			);
			name = "Recovered References";
			sourceTree = "<group>";
		};
		927921CE2624061100455CC4 /* Post Detail */ = {
			isa = PBXGroup;
			children = (
				927921CF2624061100455CC4 /* ProfilePostTableViewCell.xib */,
				927921D02624061100455CC4 /* CommentTableViewCell.swift */,
				927921D12624061100455CC4 /* ViewControllerPostDetail.swift */,
				927921D22624061100455CC4 /* CommentTableViewCell.xib */,
				927921D32624061100455CC4 /* ProfilePostTableViewCell.swift */,
			);
			path = "Post Detail";
			sourceTree = "<group>";
		};
		B3D64F8B2625428800B3D167 /* Model */ = {
			isa = PBXGroup;
			children = (
				B3D64F8C262542BB00B3D167 /* UserDummy.swift */,
			);
			path = Model;
			sourceTree = "<group>";
		};
/* End PBXGroup section */

/* Begin PBXNativeTarget section */
		9273ECAF261ABA260041D50D /* bridge_proto */ = {
			isa = PBXNativeTarget;
			buildConfigurationList = 9273ECDA261ABA270041D50D /* Build configuration list for PBXNativeTarget "bridge_proto" */;
			buildPhases = (
				9273ECAC261ABA260041D50D /* Sources */,
				9273ECAD261ABA260041D50D /* Frameworks */,
				9273ECAE261ABA260041D50D /* Resources */,
			);
			buildRules = (
			);
			dependencies = (
			);
			name = bridge_proto;
			productName = bridge_proto;
			productReference = 9273ECB0261ABA260041D50D /* bridge_proto.app */;
			productType = "com.apple.product-type.application";
		};
		9273ECC5261ABA270041D50D /* bridge_protoTests */ = {
			isa = PBXNativeTarget;
			buildConfigurationList = 9273ECDD261ABA270041D50D /* Build configuration list for PBXNativeTarget "bridge_protoTests" */;
			buildPhases = (
				9273ECC2261ABA270041D50D /* Sources */,
				9273ECC3261ABA270041D50D /* Frameworks */,
				9273ECC4261ABA270041D50D /* Resources */,
			);
			buildRules = (
			);
			dependencies = (
				9273ECC8261ABA270041D50D /* PBXTargetDependency */,
			);
			name = bridge_protoTests;
			productName = bridge_protoTests;
			productReference = 9273ECC6261ABA270041D50D /* bridge_protoTests.xctest */;
			productType = "com.apple.product-type.bundle.unit-test";
		};
		9273ECD0261ABA270041D50D /* bridge_protoUITests */ = {
			isa = PBXNativeTarget;
			buildConfigurationList = 9273ECE0261ABA270041D50D /* Build configuration list for PBXNativeTarget "bridge_protoUITests" */;
			buildPhases = (
				9273ECCD261ABA270041D50D /* Sources */,
				9273ECCE261ABA270041D50D /* Frameworks */,
				9273ECCF261ABA270041D50D /* Resources */,
			);
			buildRules = (
			);
			dependencies = (
				9273ECD3261ABA270041D50D /* PBXTargetDependency */,
			);
			name = bridge_protoUITests;
			productName = bridge_protoUITests;
			productReference = 9273ECD1261ABA270041D50D /* bridge_protoUITests.xctest */;
			productType = "com.apple.product-type.bundle.ui-testing";
		};
/* End PBXNativeTarget section */

/* Begin PBXProject section */
		9273ECA8261ABA260041D50D /* Project object */ = {
			isa = PBXProject;
			attributes = {
				LastSwiftUpdateCheck = 1240;
				LastUpgradeCheck = 1240;
				TargetAttributes = {
					9273ECAF261ABA260041D50D = {
						CreatedOnToolsVersion = 12.4;
					};
					9273ECC5261ABA270041D50D = {
						CreatedOnToolsVersion = 12.4;
						TestTargetID = 9273ECAF261ABA260041D50D;
					};
					9273ECD0261ABA270041D50D = {
						CreatedOnToolsVersion = 12.4;
						TestTargetID = 9273ECAF261ABA260041D50D;
					};
				};
			};
			buildConfigurationList = 9273ECAB261ABA260041D50D /* Build configuration list for PBXProject "bridge_proto" */;
			compatibilityVersion = "Xcode 9.3";
			developmentRegion = en;
			hasScannedForEncodings = 0;
			knownRegions = (
				en,
				Base,
			);
			mainGroup = 9273ECA7261ABA260041D50D;
			productRefGroup = 9273ECB1261ABA260041D50D /* Products */;
			projectDirPath = "";
			projectRoot = "";
			targets = (
				9273ECAF261ABA260041D50D /* bridge_proto */,
				9273ECC5261ABA270041D50D /* bridge_protoTests */,
				9273ECD0261ABA270041D50D /* bridge_protoUITests */,
			);
		};
/* End PBXProject section */

/* Begin PBXResourcesBuildPhase section */
		9273ECAE261ABA260041D50D /* Resources */ = {
			isa = PBXResourcesBuildPhase;
			buildActionMask = 2147483647;
			files = (
				927921C62624053D00455CC4 /* ProfileViewController.swift in Resources */,
				9273ECC0261ABA270041D50D /* LaunchScreen.storyboard in Resources */,
				B348B3092626057B007C57F4 /* untitled.mp3 in Resources */,
				3EA8631C261DC48500C43F66 /* CollectionTableViewCell.xib in Resources */,
				9260287826217F1100CE4956 /* SongWidget.xib in Resources */,
				3EA862FE261D9F1A00C43F66 /* GuideCollectionViewCell.xib in Resources */,
				9273ECBD261ABA270041D50D /* Assets.xcassets in Resources */,
				9273ECBB261ABA260041D50D /* Main.storyboard in Resources */,
				927921D72624061100455CC4 /* CommentTableViewCell.xib in Resources */,
				3EA862FD261D9F1A00C43F66 /* PostTableViewCell.xib in Resources */,
				71744E5B2629201D00C81998 /* kena-mental.mp3 in Resources */,
				927921D42624061100455CC4 /* ProfilePostTableViewCell.xib in Resources */,
			);
			runOnlyForDeploymentPostprocessing = 0;
		};
		9273ECC4261ABA270041D50D /* Resources */ = {
			isa = PBXResourcesBuildPhase;
			buildActionMask = 2147483647;
			files = (
			);
			runOnlyForDeploymentPostprocessing = 0;
		};
		9273ECCF261ABA270041D50D /* Resources */ = {
			isa = PBXResourcesBuildPhase;
			buildActionMask = 2147483647;
			files = (
			);
			runOnlyForDeploymentPostprocessing = 0;
		};
/* End PBXResourcesBuildPhase section */

/* Begin PBXSourcesBuildPhase section */
		9273ECAC261ABA260041D50D /* Sources */ = {
			isa = PBXSourcesBuildPhase;
			buildActionMask = 2147483647;
			files = (
				927921B32624041200455CC4 /* ProfilePostViewController.swift in Sources */,
				71721947261EB69C00A080E8 /* ProfileGuideViewController.swift in Sources */,
				927921D62624061100455CC4 /* ViewControllerPostDetail.swift in Sources */,
				9273ECB8261ABA260041D50D /* ViewController.swift in Sources */,
				92117A28261C1F43002AE4AC /* ProfileViewController.swift in Sources */,
				B3D64F8D262542BB00B3D167 /* UserDummy.swift in Sources */,
				927921D52624061100455CC4 /* CommentTableViewCell.swift in Sources */,
				3EA86302261D9F1A00C43F66 /* PostTableViewCell.swift in Sources */,
				922A70A9262210670073612D /* SongWidget.swift in Sources */,
				9271220A261FCAF700C05819 /* ProfileWorkspaceViewController.swift in Sources */,
				9273ECB4261ABA260041D50D /* AppDelegate.swift in Sources */,
				3EA86300261D9F1A00C43F66 /* FeedViewController.swift in Sources */,
				9273ECB6261ABA260041D50D /* SceneDelegate.swift in Sources */,
				3EA86301261D9F1A00C43F66 /* GuideCollectionViewCell.swift in Sources */,
				3EA8631B261DC48500C43F66 /* CollectionTableViewCell.swift in Sources */,
				927921D82624061100455CC4 /* ProfilePostTableViewCell.swift in Sources */,
			);
			runOnlyForDeploymentPostprocessing = 0;
		};
		9273ECC2261ABA270041D50D /* Sources */ = {
			isa = PBXSourcesBuildPhase;
			buildActionMask = 2147483647;
			files = (
				9273ECCB261ABA270041D50D /* bridge_protoTests.swift in Sources */,
			);
			runOnlyForDeploymentPostprocessing = 0;
		};
		9273ECCD261ABA270041D50D /* Sources */ = {
			isa = PBXSourcesBuildPhase;
			buildActionMask = 2147483647;
			files = (
				9273ECD6261ABA270041D50D /* bridge_protoUITests.swift in Sources */,
			);
			runOnlyForDeploymentPostprocessing = 0;
		};
/* End PBXSourcesBuildPhase section */

/* Begin PBXTargetDependency section */
		9273ECC8261ABA270041D50D /* PBXTargetDependency */ = {
			isa = PBXTargetDependency;
			target = 9273ECAF261ABA260041D50D /* bridge_proto */;
			targetProxy = 9273ECC7261ABA270041D50D /* PBXContainerItemProxy */;
		};
		9273ECD3261ABA270041D50D /* PBXTargetDependency */ = {
			isa = PBXTargetDependency;
			target = 9273ECAF261ABA260041D50D /* bridge_proto */;
			targetProxy = 9273ECD2261ABA270041D50D /* PBXContainerItemProxy */;
		};
/* End PBXTargetDependency section */

/* Begin PBXVariantGroup section */
		9273ECB9261ABA260041D50D /* Main.storyboard */ = {
			isa = PBXVariantGroup;
			children = (
				9273ECBA261ABA260041D50D /* Base */,
			);
			name = Main.storyboard;
			sourceTree = "<group>";
		};
		9273ECBE261ABA270041D50D /* LaunchScreen.storyboard */ = {
			isa = PBXVariantGroup;
			children = (
				9273ECBF261ABA270041D50D /* Base */,
			);
			name = LaunchScreen.storyboard;
			sourceTree = "<group>";
		};
/* End PBXVariantGroup section */

/* Begin XCBuildConfiguration section */
		9273ECD8261ABA270041D50D /* Debug */ = {
			isa = XCBuildConfiguration;
			buildSettings = {
				ALWAYS_SEARCH_USER_PATHS = NO;
				CLANG_ANALYZER_NONNULL = YES;
				CLANG_ANALYZER_NUMBER_OBJECT_CONVERSION = YES_AGGRESSIVE;
				CLANG_CXX_LANGUAGE_STANDARD = "gnu++14";
				CLANG_CXX_LIBRARY = "libc++";
				CLANG_ENABLE_MODULES = YES;
				CLANG_ENABLE_OBJC_ARC = YES;
				CLANG_ENABLE_OBJC_WEAK = YES;
				CLANG_WARN_BLOCK_CAPTURE_AUTORELEASING = YES;
				CLANG_WARN_BOOL_CONVERSION = YES;
				CLANG_WARN_COMMA = YES;
				CLANG_WARN_CONSTANT_CONVERSION = YES;
				CLANG_WARN_DEPRECATED_OBJC_IMPLEMENTATIONS = YES;
				CLANG_WARN_DIRECT_OBJC_ISA_USAGE = YES_ERROR;
				CLANG_WARN_DOCUMENTATION_COMMENTS = YES;
				CLANG_WARN_EMPTY_BODY = YES;
				CLANG_WARN_ENUM_CONVERSION = YES;
				CLANG_WARN_INFINITE_RECURSION = YES;
				CLANG_WARN_INT_CONVERSION = YES;
				CLANG_WARN_NON_LITERAL_NULL_CONVERSION = YES;
				CLANG_WARN_OBJC_IMPLICIT_RETAIN_SELF = YES;
				CLANG_WARN_OBJC_LITERAL_CONVERSION = YES;
				CLANG_WARN_OBJC_ROOT_CLASS = YES_ERROR;
				CLANG_WARN_QUOTED_INCLUDE_IN_FRAMEWORK_HEADER = YES;
				CLANG_WARN_RANGE_LOOP_ANALYSIS = YES;
				CLANG_WARN_STRICT_PROTOTYPES = YES;
				CLANG_WARN_SUSPICIOUS_MOVE = YES;
				CLANG_WARN_UNGUARDED_AVAILABILITY = YES_AGGRESSIVE;
				CLANG_WARN_UNREACHABLE_CODE = YES;
				CLANG_WARN__DUPLICATE_METHOD_MATCH = YES;
				COPY_PHASE_STRIP = NO;
				DEBUG_INFORMATION_FORMAT = dwarf;
				ENABLE_STRICT_OBJC_MSGSEND = YES;
				ENABLE_TESTABILITY = YES;
				GCC_C_LANGUAGE_STANDARD = gnu11;
				GCC_DYNAMIC_NO_PIC = NO;
				GCC_NO_COMMON_BLOCKS = YES;
				GCC_OPTIMIZATION_LEVEL = 0;
				GCC_PREPROCESSOR_DEFINITIONS = (
					"DEBUG=1",
					"$(inherited)",
				);
				GCC_WARN_64_TO_32_BIT_CONVERSION = YES;
				GCC_WARN_ABOUT_RETURN_TYPE = YES_ERROR;
				GCC_WARN_UNDECLARED_SELECTOR = YES;
				GCC_WARN_UNINITIALIZED_AUTOS = YES_AGGRESSIVE;
				GCC_WARN_UNUSED_FUNCTION = YES;
				GCC_WARN_UNUSED_VARIABLE = YES;
				IPHONEOS_DEPLOYMENT_TARGET = 14.4;
				MTL_ENABLE_DEBUG_INFO = INCLUDE_SOURCE;
				MTL_FAST_MATH = YES;
				ONLY_ACTIVE_ARCH = YES;
				SDKROOT = iphoneos;
				SWIFT_ACTIVE_COMPILATION_CONDITIONS = DEBUG;
				SWIFT_OPTIMIZATION_LEVEL = "-Onone";
			};
			name = Debug;
		};
		9273ECD9261ABA270041D50D /* Release */ = {
			isa = XCBuildConfiguration;
			buildSettings = {
				ALWAYS_SEARCH_USER_PATHS = NO;
				CLANG_ANALYZER_NONNULL = YES;
				CLANG_ANALYZER_NUMBER_OBJECT_CONVERSION = YES_AGGRESSIVE;
				CLANG_CXX_LANGUAGE_STANDARD = "gnu++14";
				CLANG_CXX_LIBRARY = "libc++";
				CLANG_ENABLE_MODULES = YES;
				CLANG_ENABLE_OBJC_ARC = YES;
				CLANG_ENABLE_OBJC_WEAK = YES;
				CLANG_WARN_BLOCK_CAPTURE_AUTORELEASING = YES;
				CLANG_WARN_BOOL_CONVERSION = YES;
				CLANG_WARN_COMMA = YES;
				CLANG_WARN_CONSTANT_CONVERSION = YES;
				CLANG_WARN_DEPRECATED_OBJC_IMPLEMENTATIONS = YES;
				CLANG_WARN_DIRECT_OBJC_ISA_USAGE = YES_ERROR;
				CLANG_WARN_DOCUMENTATION_COMMENTS = YES;
				CLANG_WARN_EMPTY_BODY = YES;
				CLANG_WARN_ENUM_CONVERSION = YES;
				CLANG_WARN_INFINITE_RECURSION = YES;
				CLANG_WARN_INT_CONVERSION = YES;
				CLANG_WARN_NON_LITERAL_NULL_CONVERSION = YES;
				CLANG_WARN_OBJC_IMPLICIT_RETAIN_SELF = YES;
				CLANG_WARN_OBJC_LITERAL_CONVERSION = YES;
				CLANG_WARN_OBJC_ROOT_CLASS = YES_ERROR;
				CLANG_WARN_QUOTED_INCLUDE_IN_FRAMEWORK_HEADER = YES;
				CLANG_WARN_RANGE_LOOP_ANALYSIS = YES;
				CLANG_WARN_STRICT_PROTOTYPES = YES;
				CLANG_WARN_SUSPICIOUS_MOVE = YES;
				CLANG_WARN_UNGUARDED_AVAILABILITY = YES_AGGRESSIVE;
				CLANG_WARN_UNREACHABLE_CODE = YES;
				CLANG_WARN__DUPLICATE_METHOD_MATCH = YES;
				COPY_PHASE_STRIP = NO;
				DEBUG_INFORMATION_FORMAT = "dwarf-with-dsym";
				ENABLE_NS_ASSERTIONS = NO;
				ENABLE_STRICT_OBJC_MSGSEND = YES;
				GCC_C_LANGUAGE_STANDARD = gnu11;
				GCC_NO_COMMON_BLOCKS = YES;
				GCC_WARN_64_TO_32_BIT_CONVERSION = YES;
				GCC_WARN_ABOUT_RETURN_TYPE = YES_ERROR;
				GCC_WARN_UNDECLARED_SELECTOR = YES;
				GCC_WARN_UNINITIALIZED_AUTOS = YES_AGGRESSIVE;
				GCC_WARN_UNUSED_FUNCTION = YES;
				GCC_WARN_UNUSED_VARIABLE = YES;
				IPHONEOS_DEPLOYMENT_TARGET = 14.4;
				MTL_ENABLE_DEBUG_INFO = NO;
				MTL_FAST_MATH = YES;
				SDKROOT = iphoneos;
				SWIFT_COMPILATION_MODE = wholemodule;
				SWIFT_OPTIMIZATION_LEVEL = "-O";
				VALIDATE_PRODUCT = YES;
			};
			name = Release;
		};
		9273ECDB261ABA270041D50D /* Debug */ = {
			isa = XCBuildConfiguration;
			buildSettings = {
				ASSETCATALOG_COMPILER_APPICON_NAME = AppIcon;
				ASSETCATALOG_COMPILER_GLOBAL_ACCENT_COLOR_NAME = AccentColor;
				CODE_SIGN_STYLE = Automatic;
				DEVELOPMENT_TEAM = ZKQC9G2J9U;
				INFOPLIST_FILE = bridge_proto/Info.plist;
				LD_RUNPATH_SEARCH_PATHS = (
					"$(inherited)",
					"@executable_path/Frameworks",
				);
				PRODUCT_BUNDLE_IDENTIFIER = "apple-academy.bridge-proto";
				PRODUCT_NAME = "$(TARGET_NAME)";
				SWIFT_VERSION = 5.0;
				TARGETED_DEVICE_FAMILY = "1,2";
			};
			name = Debug;
		};
		9273ECDC261ABA270041D50D /* Release */ = {
			isa = XCBuildConfiguration;
			buildSettings = {
				ASSETCATALOG_COMPILER_APPICON_NAME = AppIcon;
				ASSETCATALOG_COMPILER_GLOBAL_ACCENT_COLOR_NAME = AccentColor;
				CODE_SIGN_STYLE = Automatic;
				DEVELOPMENT_TEAM = ZKQC9G2J9U;
				INFOPLIST_FILE = bridge_proto/Info.plist;
				LD_RUNPATH_SEARCH_PATHS = (
					"$(inherited)",
					"@executable_path/Frameworks",
				);
				PRODUCT_BUNDLE_IDENTIFIER = "apple-academy.bridge-proto";
				PRODUCT_NAME = "$(TARGET_NAME)";
				SWIFT_VERSION = 5.0;
				TARGETED_DEVICE_FAMILY = "1,2";
			};
			name = Release;
		};
		9273ECDE261ABA270041D50D /* Debug */ = {
			isa = XCBuildConfiguration;
			buildSettings = {
				ALWAYS_EMBED_SWIFT_STANDARD_LIBRARIES = YES;
				BUNDLE_LOADER = "$(TEST_HOST)";
				CODE_SIGN_STYLE = Automatic;
				INFOPLIST_FILE = bridge_protoTests/Info.plist;
				IPHONEOS_DEPLOYMENT_TARGET = 14.4;
				LD_RUNPATH_SEARCH_PATHS = (
					"$(inherited)",
					"@executable_path/Frameworks",
					"@loader_path/Frameworks",
				);
				PRODUCT_BUNDLE_IDENTIFIER = "apple-academy.bridge-protoTests";
				PRODUCT_NAME = "$(TARGET_NAME)";
				SWIFT_VERSION = 5.0;
				TARGETED_DEVICE_FAMILY = "1,2";
				TEST_HOST = "$(BUILT_PRODUCTS_DIR)/bridge_proto.app/bridge_proto";
			};
			name = Debug;
		};
		9273ECDF261ABA270041D50D /* Release */ = {
			isa = XCBuildConfiguration;
			buildSettings = {
				ALWAYS_EMBED_SWIFT_STANDARD_LIBRARIES = YES;
				BUNDLE_LOADER = "$(TEST_HOST)";
				CODE_SIGN_STYLE = Automatic;
				INFOPLIST_FILE = bridge_protoTests/Info.plist;
				IPHONEOS_DEPLOYMENT_TARGET = 14.4;
				LD_RUNPATH_SEARCH_PATHS = (
					"$(inherited)",
					"@executable_path/Frameworks",
					"@loader_path/Frameworks",
				);
				PRODUCT_BUNDLE_IDENTIFIER = "apple-academy.bridge-protoTests";
				PRODUCT_NAME = "$(TARGET_NAME)";
				SWIFT_VERSION = 5.0;
				TARGETED_DEVICE_FAMILY = "1,2";
				TEST_HOST = "$(BUILT_PRODUCTS_DIR)/bridge_proto.app/bridge_proto";
			};
			name = Release;
		};
		9273ECE1261ABA270041D50D /* Debug */ = {
			isa = XCBuildConfiguration;
			buildSettings = {
				ALWAYS_EMBED_SWIFT_STANDARD_LIBRARIES = YES;
				CODE_SIGN_STYLE = Automatic;
				INFOPLIST_FILE = bridge_protoUITests/Info.plist;
				LD_RUNPATH_SEARCH_PATHS = (
					"$(inherited)",
					"@executable_path/Frameworks",
					"@loader_path/Frameworks",
				);
				PRODUCT_BUNDLE_IDENTIFIER = "apple-academy.bridge-protoUITests";
				PRODUCT_NAME = "$(TARGET_NAME)";
				SWIFT_VERSION = 5.0;
				TARGETED_DEVICE_FAMILY = "1,2";
				TEST_TARGET_NAME = bridge_proto;
			};
			name = Debug;
		};
		9273ECE2261ABA270041D50D /* Release */ = {
			isa = XCBuildConfiguration;
			buildSettings = {
				ALWAYS_EMBED_SWIFT_STANDARD_LIBRARIES = YES;
				CODE_SIGN_STYLE = Automatic;
				INFOPLIST_FILE = bridge_protoUITests/Info.plist;
				LD_RUNPATH_SEARCH_PATHS = (
					"$(inherited)",
					"@executable_path/Frameworks",
					"@loader_path/Frameworks",
				);
				PRODUCT_BUNDLE_IDENTIFIER = "apple-academy.bridge-protoUITests";
				PRODUCT_NAME = "$(TARGET_NAME)";
				SWIFT_VERSION = 5.0;
				TARGETED_DEVICE_FAMILY = "1,2";
				TEST_TARGET_NAME = bridge_proto;
			};
			name = Release;
		};
/* End XCBuildConfiguration section */

/* Begin XCConfigurationList section */
		9273ECAB261ABA260041D50D /* Build configuration list for PBXProject "bridge_proto" */ = {
			isa = XCConfigurationList;
			buildConfigurations = (
				9273ECD8261ABA270041D50D /* Debug */,
				9273ECD9261ABA270041D50D /* Release */,
			);
			defaultConfigurationIsVisible = 0;
			defaultConfigurationName = Release;
		};
		9273ECDA261ABA270041D50D /* Build configuration list for PBXNativeTarget "bridge_proto" */ = {
			isa = XCConfigurationList;
			buildConfigurations = (
				9273ECDB261ABA270041D50D /* Debug */,
				9273ECDC261ABA270041D50D /* Release */,
			);
			defaultConfigurationIsVisible = 0;
			defaultConfigurationName = Release;
		};
		9273ECDD261ABA270041D50D /* Build configuration list for PBXNativeTarget "bridge_protoTests" */ = {
			isa = XCConfigurationList;
			buildConfigurations = (
				9273ECDE261ABA270041D50D /* Debug */,
				9273ECDF261ABA270041D50D /* Release */,
			);
			defaultConfigurationIsVisible = 0;
			defaultConfigurationName = Release;
		};
		9273ECE0261ABA270041D50D /* Build configuration list for PBXNativeTarget "bridge_protoUITests" */ = {
			isa = XCConfigurationList;
			buildConfigurations = (
				9273ECE1261ABA270041D50D /* Debug */,
				9273ECE2261ABA270041D50D /* Release */,
			);
			defaultConfigurationIsVisible = 0;
			defaultConfigurationName = Release;
		};
/* End XCConfigurationList section */
	};
	rootObject = 9273ECA8261ABA260041D50D /* Project object */;
}
